
Microsoft Visual Studio Solution File, Format Version 12.00
# Visual Studio Version 17
VisualStudioVersion = 17.6.33723.286
MinimumVisualStudioVersion = 10.0.40219.1
Project("{9A19103F-16F7-4668-BE54-9A1E7A4F7556}") = "API", "API\API.csproj", "{A210C927-3867-4E1E-947A-3CC0785F09EA}"
EndProject
Project("{FAE04EC0-301F-11D3-BF4B-00C04F79EFBC}") = "WEB", "WEB\WEB.csproj", "{94102508-184C-46B5-BF1C-D18E518F5492}"
EndProject
Global
	GlobalSection(SolutionConfigurationPlatforms) = preSolution
		Debug|Any CPU = Debug|Any CPU
		Release|Any CPU = Release|Any CPU
	EndGlobalSection
	GlobalSection(ProjectConfigurationPlatforms) = postSolution
		{A210C927-3867-4E1E-947A-3CC0785F09EA}.Debug|Any CPU.ActiveCfg = Debug|Any CPU
		{A210C927-3867-4E1E-947A-3CC0785F09EA}.Debug|Any CPU.Build.0 = Debug|Any CPU
		{A210C927-3867-4E1E-947A-3CC0785F09EA}.Release|Any CPU.ActiveCfg = Release|Any CPU
		{A210C927-3867-4E1E-947A-3CC0785F09EA}.Release|Any CPU.Build.0 = Release|Any CPU
		{94102508-184C-46B5-BF1C-D18E518F5492}.Debug|Any CPU.ActiveCfg = Debug|Any CPU
		{94102508-184C-46B5-BF1C-D18E518F5492}.Debug|Any CPU.Build.0 = Debug|Any CPU
		{94102508-184C-46B5-BF1C-D18E518F5492}.Release|Any CPU.ActiveCfg = Release|Any CPU
		{94102508-184C-46B5-BF1C-D18E518F5492}.Release|Any CPU.Build.0 = Release|Any CPU
	EndGlobalSection
	GlobalSection(SolutionProperties) = preSolution
		HideSolutionNode = FALSE
	EndGlobalSection
	GlobalSection(ExtensibilityGlobals) = postSolution
		SolutionGuid = {3EAC491A-E82C-497F-B939-8F844BE5718D}
	EndGlobalSection
EndGlobal
